
Microsoft Visual Studio Solution File, Format Version 12.00
# Visual Studio Version 17
VisualStudioVersion = 17.0.31903.59
MinimumVisualStudioVersion = 10.0.40219.1
Project("{FAE04EC0-301F-11D3-BF4B-00C04F79EFBC}") = "SecureTerminal", "SecureTerminal\SecureTerminal.csproj", "{7562F266-7676-42C7-BF1E-F81D62B8A40D}"
EndProject
Global
	GlobalSection(SolutionConfigurationPlatforms) = preSolution
		Debug|Any CPU = Debug|Any CPU
		Release|Any CPU = Release|Any CPU
	EndGlobalSection
	GlobalSection(SolutionProperties) = preSolution
		HideSolutionNode = FALSE
	EndGlobalSection
	GlobalSection(ProjectConfigurationPlatforms) = postSolution
		{7562F266-7676-42C7-BF1E-F81D62B8A40D}.Debug|Any CPU.ActiveCfg = Debug|Any CPU
		{7562F266-7676-42C7-BF1E-F81D62B8A40D}.Debug|Any CPU.Build.0 = Debug|Any CPU
		{7562F266-7676-42C7-BF1E-F81D62B8A40D}.Release|Any CPU.ActiveCfg = Release|Any CPU
		{7562F266-7676-42C7-BF1E-F81D62B8A40D}.Release|Any CPU.Build.0 = Release|Any CPU
	EndGlobalSection
EndGlobal
