
Microsoft Visual Studio Solution File, Format Version 12.00
# Visual Studio Version 17
VisualStudioVersion = 17.0.31903.59
MinimumVisualStudioVersion = 10.0.40219.1
Project("{FAE04EC0-301F-11D3-BF4B-00C04F79EFBC}") = "SalesOrderProcessingSystem", "SalesOrderProcessingSystem\SalesOrderProcessingSystem.csproj", "{B7A508C4-0533-4211-AFA2-CBD60BE45AAE}"
EndProject
Global
	GlobalSection(SolutionConfigurationPlatforms) = preSolution
		Debug|Any CPU = Debug|Any CPU
		Release|Any CPU = Release|Any CPU
	EndGlobalSection
	GlobalSection(SolutionProperties) = preSolution
		HideSolutionNode = FALSE
	EndGlobalSection
	GlobalSection(ProjectConfigurationPlatforms) = postSolution
		{B7A508C4-0533-4211-AFA2-CBD60BE45AAE}.Debug|Any CPU.ActiveCfg = Debug|Any CPU
		{B7A508C4-0533-4211-AFA2-CBD60BE45AAE}.Debug|Any CPU.Build.0 = Debug|Any CPU
		{B7A508C4-0533-4211-AFA2-CBD60BE45AAE}.Release|Any CPU.ActiveCfg = Release|Any CPU
		{B7A508C4-0533-4211-AFA2-CBD60BE45AAE}.Release|Any CPU.Build.0 = Release|Any CPU
	EndGlobalSection
EndGlobal
