
Microsoft Visual Studio Solution File, Format Version 12.00
# Visual Studio Version 17
VisualStudioVersion = 17.0.31903.59
MinimumVisualStudioVersion = 10.0.40219.1
Project("{FAE04EC0-301F-11D3-BF4B-00C04F79EFBC}") = "TrainingPortal", "TrainingPortal\TrainingPortal.csproj", "{A616A027-D456-475E-8BB9-8F0B179BB471}"
EndProject
Global
	GlobalSection(SolutionConfigurationPlatforms) = preSolution
		Debug|Any CPU = Debug|Any CPU
		Release|Any CPU = Release|Any CPU
	EndGlobalSection
	GlobalSection(SolutionProperties) = preSolution
		HideSolutionNode = FALSE
	EndGlobalSection
	GlobalSection(ProjectConfigurationPlatforms) = postSolution
		{A616A027-D456-475E-8BB9-8F0B179BB471}.Debug|Any CPU.ActiveCfg = Debug|Any CPU
		{A616A027-D456-475E-8BB9-8F0B179BB471}.Debug|Any CPU.Build.0 = Debug|Any CPU
		{A616A027-D456-475E-8BB9-8F0B179BB471}.Release|Any CPU.ActiveCfg = Release|Any CPU
		{A616A027-D456-475E-8BB9-8F0B179BB471}.Release|Any CPU.Build.0 = Release|Any CPU
	EndGlobalSection
EndGlobal
