
Microsoft Visual Studio Solution File, Format Version 12.00
# Visual Studio Version 17
VisualStudioVersion = 17.0.31903.59
MinimumVisualStudioVersion = 10.0.40219.1
Project("{FAE04EC0-301F-11D3-BF4B-00C04F79EFBC}") = "BonusCalculationSystem", "BonusCalculationSystem\BonusCalculationSystem.csproj", "{6A7904D6-1C5F-4E63-907B-B78D3906D190}"
EndProject
Project("{FAE04EC0-301F-11D3-BF4B-00C04F79EFBC}") = "BonusCalculationSystem.Test", "BonusCalculationSystem.Test\BonusCalculationSystem.Test.csproj", "{2CA72D9C-748F-4CA7-A738-81678EF4B038}"
EndProject
Global
	GlobalSection(SolutionConfigurationPlatforms) = preSolution
		Debug|Any CPU = Debug|Any CPU
		Release|Any CPU = Release|Any CPU
	EndGlobalSection
	GlobalSection(SolutionProperties) = preSolution
		HideSolutionNode = FALSE
	EndGlobalSection
	GlobalSection(ProjectConfigurationPlatforms) = postSolution
		{6A7904D6-1C5F-4E63-907B-B78D3906D190}.Debug|Any CPU.ActiveCfg = Debug|Any CPU
		{6A7904D6-1C5F-4E63-907B-B78D3906D190}.Debug|Any CPU.Build.0 = Debug|Any CPU
		{6A7904D6-1C5F-4E63-907B-B78D3906D190}.Release|Any CPU.ActiveCfg = Release|Any CPU
		{6A7904D6-1C5F-4E63-907B-B78D3906D190}.Release|Any CPU.Build.0 = Release|Any CPU
		{2CA72D9C-748F-4CA7-A738-81678EF4B038}.Debug|Any CPU.ActiveCfg = Debug|Any CPU
		{2CA72D9C-748F-4CA7-A738-81678EF4B038}.Debug|Any CPU.Build.0 = Debug|Any CPU
		{2CA72D9C-748F-4CA7-A738-81678EF4B038}.Release|Any CPU.ActiveCfg = Release|Any CPU
		{2CA72D9C-748F-4CA7-A738-81678EF4B038}.Release|Any CPU.Build.0 = Release|Any CPU
	EndGlobalSection
EndGlobal
